# THIS IS AN AUTOGENERATED FILE. DO NOT EDIT THIS FILE DIRECTLY.
# yarn lockfile v1


cytoscape@^3.2.15:
  version "3.2.15"
  resolved "https://registry.yarnpkg.com/cytoscape/-/cytoscape-3.2.15.tgz#6ce49340b29f0a22267667d9ca842d5d0b6f4eed"
  dependencies:
    heap "^0.2.6"
    lodash.debounce "^4.0.8"

heap@^0.2.6:
  version "0.2.6"
  resolved "https://registry.yarnpkg.com/heap/-/heap-0.2.6.tgz#087e1f10b046932fc8594dd9e6d378afc9d1e5ac"

lodash.debounce@^4.0.8:
  version "4.0.8"
  resolved "https://registry.yarnpkg.com/lodash.debounce/-/lodash.debounce-4.0.8.tgz#82d79bff30a67c4005ffd5e2515300ad9ca4d7af"

prettier@^1.13.7:
  version "1.13.7"
  resolved "https://registry.yarnpkg.com/prettier/-/prettier-1.13.7.tgz#850f3b8af784a49a6ea2d2eaa7ed1428a34b7281"
